
Microsoft Visual Studio Solution File, Format Version 12.00
# Visual Studio Version 17
VisualStudioVersion = 17.14.36202.13
MinimumVisualStudioVersion = 10.0.40219.1
Project("{FAE04EC0-301F-11D3-BF4B-00C04F79EFBC}") = "PromocionDocente.API", "PromocionDocente.API\PromocionDocente.API.csproj", "{BD6A6D49-462B-4DA5-8291-2924EFD8A1F5}"
	ProjectSection(ProjectDependencies) = postProject
		{FD896F10-89EC-48DA-BFD1-309CB7EFD780} = {FD896F10-89EC-48DA-BFD1-309CB7EFD780}
	EndProjectSection
EndProject
Project("{FAE04EC0-301F-11D3-BF4B-00C04F79EFBC}") = "PromocionDocente.Client", "PromocionDocente.Client\PromocionDocente.Client.csproj", "{D9B7240F-390D-48EC-8CD4-D01276E9F49D}"
EndProject
Project("{FAE04EC0-301F-11D3-BF4B-00C04F79EFBC}") = "PromocionDocente.Infrastructure", "PromocionesDocente.Infraestructure\PromocionDocente.Infrastructure.csproj", "{FD896F10-89EC-48DA-BFD1-309CB7EFD780}"
EndProject
Project("{FAE04EC0-301F-11D3-BF4B-00C04F79EFBC}") = "PromocionDocente.Domain", "PromocionDoncete.Domain\PromocionDocente.Domain.csproj", "{EFB03D84-642B-4404-86D8-18002016C4A8}"
EndProject
Project("{FAE04EC0-301F-11D3-BF4B-00C04F79EFBC}") = "PromocionDocente.Application", "PromocionDocente.Application\PromocionDocente.Application.csproj", "{0FF7827C-1453-4F64-BF07-F0B8AF10EC9E}"
EndProject
Global
	GlobalSection(SolutionConfigurationPlatforms) = preSolution
		Debug|Any CPU = Debug|Any CPU
		Release|Any CPU = Release|Any CPU
	EndGlobalSection
	GlobalSection(ProjectConfigurationPlatforms) = postSolution
		{BD6A6D49-462B-4DA5-8291-2924EFD8A1F5}.Debug|Any CPU.ActiveCfg = Debug|Any CPU
		{BD6A6D49-462B-4DA5-8291-2924EFD8A1F5}.Debug|Any CPU.Build.0 = Debug|Any CPU
		{BD6A6D49-462B-4DA5-8291-2924EFD8A1F5}.Release|Any CPU.ActiveCfg = Release|Any CPU
		{BD6A6D49-462B-4DA5-8291-2924EFD8A1F5}.Release|Any CPU.Build.0 = Release|Any CPU
		{D9B7240F-390D-48EC-8CD4-D01276E9F49D}.Debug|Any CPU.ActiveCfg = Debug|Any CPU
		{D9B7240F-390D-48EC-8CD4-D01276E9F49D}.Debug|Any CPU.Build.0 = Debug|Any CPU
		{D9B7240F-390D-48EC-8CD4-D01276E9F49D}.Release|Any CPU.ActiveCfg = Release|Any CPU
		{D9B7240F-390D-48EC-8CD4-D01276E9F49D}.Release|Any CPU.Build.0 = Release|Any CPU
		{FD896F10-89EC-48DA-BFD1-309CB7EFD780}.Debug|Any CPU.ActiveCfg = Debug|Any CPU
		{FD896F10-89EC-48DA-BFD1-309CB7EFD780}.Debug|Any CPU.Build.0 = Debug|Any CPU
		{FD896F10-89EC-48DA-BFD1-309CB7EFD780}.Release|Any CPU.ActiveCfg = Release|Any CPU
		{FD896F10-89EC-48DA-BFD1-309CB7EFD780}.Release|Any CPU.Build.0 = Release|Any CPU
		{EFB03D84-642B-4404-86D8-18002016C4A8}.Debug|Any CPU.ActiveCfg = Debug|Any CPU
		{EFB03D84-642B-4404-86D8-18002016C4A8}.Debug|Any CPU.Build.0 = Debug|Any CPU
		{EFB03D84-642B-4404-86D8-18002016C4A8}.Release|Any CPU.ActiveCfg = Release|Any CPU
		{EFB03D84-642B-4404-86D8-18002016C4A8}.Release|Any CPU.Build.0 = Release|Any CPU
		{0FF7827C-1453-4F64-BF07-F0B8AF10EC9E}.Debug|Any CPU.ActiveCfg = Debug|Any CPU
		{0FF7827C-1453-4F64-BF07-F0B8AF10EC9E}.Debug|Any CPU.Build.0 = Debug|Any CPU
		{0FF7827C-1453-4F64-BF07-F0B8AF10EC9E}.Release|Any CPU.ActiveCfg = Release|Any CPU
		{0FF7827C-1453-4F64-BF07-F0B8AF10EC9E}.Release|Any CPU.Build.0 = Release|Any CPU
	EndGlobalSection
	GlobalSection(SolutionProperties) = preSolution
		HideSolutionNode = FALSE
	EndGlobalSection
	GlobalSection(ExtensibilityGlobals) = postSolution
		SolutionGuid = {5C1823D1-0BA2-4914-9914-CF96314F3E78}
	EndGlobalSection
EndGlobal
